// !$*UTF8*$!
{
	archiveVersion = 1;
	classes = {
	};
	objectVersion = 47;
	objects = {

/* Begin PBXBuildFile section */
		997373811C6D17EB00FBEDAC /* Board.swift in Sources */ = {isa = PBXBuildFile; fileRef = 997373801C6D17EB00FBEDAC /* Board.swift */; };
		99E1A2761C66343C0035A22D /* AppDelegate.swift in Sources */ = {isa = PBXBuildFile; fileRef = 99E1A2751C66343C0035A22D /* AppDelegate.swift */; };
		99E1A2781C66343C0035A22D /* Assets.xcassets in Resources */ = {isa = PBXBuildFile; fileRef = 99E1A2771C66343C0035A22D /* Assets.xcassets */; };
		99E1A27B1C66343C0035A22D /* MainMenu.xib in Resources */ = {isa = PBXBuildFile; fileRef = 99E1A2791C66343C0035A22D /* MainMenu.xib */; };
		99E1A28A1C6636420035A22D /* GameLogic.swift in Sources */ = {isa = PBXBuildFile; fileRef = 99E1A2831C6636420035A22D /* GameLogic.swift */; };
		99E1A28B1C6636420035A22D /* Common.swift in Sources */ = {isa = PBXBuildFile; fileRef = 99E1A2841C6636420035A22D /* Common.swift */; };
		99E1A28C1C6636420035A22D /* Player.swift in Sources */ = {isa = PBXBuildFile; fileRef = 99E1A2851C6636420035A22D /* Player.swift */; };
		99E1A28D1C6636420035A22D /* Constants.swift in Sources */ = {isa = PBXBuildFile; fileRef = 99E1A2861C6636420035A22D /* Constants.swift */; };
		99E1A28E1C6636420035A22D /* ChipImages.swift in Sources */ = {isa = PBXBuildFile; fileRef = 99E1A2871C6636420035A22D /* ChipImages.swift */; };
		99E1A28F1C6636420035A22D /* GameModel.swift in Sources */ = {isa = PBXBuildFile; fileRef = 99E1A2881C6636420035A22D /* GameModel.swift */; };
		99E1A2901C6636420035A22D /* Move.swift in Sources */ = {isa = PBXBuildFile; fileRef = 99E1A2891C6636420035A22D /* Move.swift */; };
		99E1A2921C66369A0035A22D /* GameLogicUI.swift in Sources */ = {isa = PBXBuildFile; fileRef = 99E1A2911C66369A0035A22D /* GameLogicUI.swift */; };
/* End PBXBuildFile section */

/* Begin PBXFileReference section */
		997373801C6D17EB00FBEDAC /* Board.swift */ = {isa = PBXFileReference; fileEncoding = 4; lastKnownFileType = sourcecode.swift; path = Board.swift; sourceTree = "<group>"; };
		99E1A2721C66343C0035A22D /* Reversi OS X.app */ = {isa = PBXFileReference; explicitFileType = wrapper.application; includeInIndex = 0; path = "Reversi OS X.app"; sourceTree = BUILT_PRODUCTS_DIR; };
		99E1A2751C66343C0035A22D /* AppDelegate.swift */ = {isa = PBXFileReference; lastKnownFileType = sourcecode.swift; path = AppDelegate.swift; sourceTree = "<group>"; };
		99E1A2771C66343C0035A22D /* Assets.xcassets */ = {isa = PBXFileReference; lastKnownFileType = folder.assetcatalog; path = Assets.xcassets; sourceTree = "<group>"; };
		99E1A27A1C66343C0035A22D /* Base */ = {isa = PBXFileReference; lastKnownFileType = file.xib; name = Base; path = Base.lproj/MainMenu.xib; sourceTree = "<group>"; };
		99E1A27C1C66343C0035A22D /* Info.plist */ = {isa = PBXFileReference; lastKnownFileType = text.plist.xml; path = Info.plist; sourceTree = "<group>"; };
		99E1A2821C6634500035A22D /* Reversi GameplayKit SpriteKit.entitlements */ = {isa = PBXFileReference; lastKnownFileType = text.xml; path = "Reversi GameplayKit SpriteKit.entitlements"; sourceTree = "<group>"; };
		99E1A2831C6636420035A22D /* GameLogic.swift */ = {isa = PBXFileReference; fileEncoding = 4; lastKnownFileType = sourcecode.swift; path = GameLogic.swift; sourceTree = "<group>"; };
		99E1A2841C6636420035A22D /* Common.swift */ = {isa = PBXFileReference; fileEncoding = 4; lastKnownFileType = sourcecode.swift; path = Common.swift; sourceTree = "<group>"; };
		99E1A2851C6636420035A22D /* Player.swift */ = {isa = PBXFileReference; fileEncoding = 4; lastKnownFileType = sourcecode.swift; path = Player.swift; sourceTree = "<group>"; };
		99E1A2861C6636420035A22D /* Constants.swift */ = {isa = PBXFileReference; fileEncoding = 4; lastKnownFileType = sourcecode.swift; path = Constants.swift; sourceTree = "<group>"; };
		99E1A2871C6636420035A22D /* ChipImages.swift */ = {isa = PBXFileReference; fileEncoding = 4; lastKnownFileType = sourcecode.swift; path = ChipImages.swift; sourceTree = "<group>"; };
		99E1A2881C6636420035A22D /* GameModel.swift */ = {isa = PBXFileReference; fileEncoding = 4; lastKnownFileType = sourcecode.swift; path = GameModel.swift; sourceTree = "<group>"; };
		99E1A2891C6636420035A22D /* Move.swift */ = {isa = PBXFileReference; fileEncoding = 4; lastKnownFileType = sourcecode.swift; path = Move.swift; sourceTree = "<group>"; };
		99E1A2911C66369A0035A22D /* GameLogicUI.swift */ = {isa = PBXFileReference; fileEncoding = 4; lastKnownFileType = sourcecode.swift; path = GameLogicUI.swift; sourceTree = "<group>"; };
/* End PBXFileReference section */

/* Begin PBXFrameworksBuildPhase section */
		99E1A26F1C66343C0035A22D /* Frameworks */ = {
			isa = PBXFrameworksBuildPhase;
			buildActionMask = 2147483647;
			files = (
			);
			runOnlyForDeploymentPostprocessing = 0;
		};
/* End PBXFrameworksBuildPhase section */

/* Begin PBXGroup section */
		99E1A2691C66343C0035A22D = {
			isa = PBXGroup;
			children = (
				99E1A2741C66343C0035A22D /* Reversi GameplayKit SpriteKit */,
				99E1A2731C66343C0035A22D /* Products */,
			);
			sourceTree = "<group>";
		};
		99E1A2731C66343C0035A22D /* Products */ = {
			isa = PBXGroup;
			children = (
				99E1A2721C66343C0035A22D /* Reversi OS X.app */,
			);
			name = Products;
			sourceTree = "<group>";
		};
		99E1A2741C66343C0035A22D /* Reversi GameplayKit SpriteKit */ = {
			isa = PBXGroup;
			children = (
				99E1A2821C6634500035A22D /* Reversi GameplayKit SpriteKit.entitlements */,
				99E1A2751C66343C0035A22D /* AppDelegate.swift */,
				99E1A2911C66369A0035A22D /* GameLogicUI.swift */,
				99E1A2831C6636420035A22D /* GameLogic.swift */,
				99E1A2841C6636420035A22D /* Common.swift */,
				99E1A2851C6636420035A22D /* Player.swift */,
				997373801C6D17EB00FBEDAC /* Board.swift */,
				99E1A2861C6636420035A22D /* Constants.swift */,
				99E1A2871C6636420035A22D /* ChipImages.swift */,
				99E1A2881C6636420035A22D /* GameModel.swift */,
				99E1A2891C6636420035A22D /* Move.swift */,
				99E1A2771C66343C0035A22D /* Assets.xcassets */,
				99E1A2791C66343C0035A22D /* MainMenu.xib */,
				99E1A27C1C66343C0035A22D /* Info.plist */,
			);
			path = "Reversi GameplayKit SpriteKit";
			sourceTree = "<group>";
		};
/* End PBXGroup section */

/* Begin PBXNativeTarget section */
		99E1A2711C66343C0035A22D /* Reversi OS X */ = {
			isa = PBXNativeTarget;
			buildConfigurationList = 99E1A27F1C66343C0035A22D /* Build configuration list for PBXNativeTarget "Reversi OS X" */;
			buildPhases = (
				99E1A26E1C66343C0035A22D /* Sources */,
				99E1A26F1C66343C0035A22D /* Frameworks */,
				99E1A2701C66343C0035A22D /* Resources */,
			);
			buildRules = (
			);
			dependencies = (
			);
			name = "Reversi OS X";
			productName = "Reversi GameplayKit SpriteKit";
			productReference = 99E1A2721C66343C0035A22D /* Reversi OS X.app */;
			productType = "com.apple.product-type.application";
		};
/* End PBXNativeTarget section */

/* Begin PBXProject section */
		99E1A26A1C66343C0035A22D /* Project object */ = {
			isa = PBXProject;
			attributes = {
				LastSwiftUpdateCheck = 0720;
				LastUpgradeCheck = 0720;
				ORGANIZATIONNAME = "Vladislav Dembskiy";
				TargetAttributes = {
					99E1A2711C66343C0035A22D = {
						CreatedOnToolsVersion = 7.2.1;
						SystemCapabilities = {
							com.apple.Sandbox = {
								enabled = 1;
							};
						};
					};
				};
			};
			buildConfigurationList = 99E1A26D1C66343C0035A22D /* Build configuration list for PBXProject "Reversi OS X" */;
			compatibilityVersion = "Xcode 6.3";
			developmentRegion = English;
			hasScannedForEncodings = 0;
			knownRegions = (
				en,
				Base,
			);
			mainGroup = 99E1A2691C66343C0035A22D;
			productRefGroup = 99E1A2731C66343C0035A22D /* Products */;
			projectDirPath = "";
			projectRoot = "";
			targets = (
				99E1A2711C66343C0035A22D /* Reversi OS X */,
			);
		};
/* End PBXProject section */

/* Begin PBXResourcesBuildPhase section */
		99E1A2701C66343C0035A22D /* Resources */ = {
			isa = PBXResourcesBuildPhase;
			buildActionMask = 2147483647;
			files = (
				99E1A2781C66343C0035A22D /* Assets.xcassets in Resources */,
				99E1A27B1C66343C0035A22D /* MainMenu.xib in Resources */,
			);
			runOnlyForDeploymentPostprocessing = 0;
		};
/* End PBXResourcesBuildPhase section */

/* Begin PBXSourcesBuildPhase section */
		99E1A26E1C66343C0035A22D /* Sources */ = {
			isa = PBXSourcesBuildPhase;
			buildActionMask = 2147483647;
			files = (
				99E1A28D1C6636420035A22D /* Constants.swift in Sources */,
				99E1A28C1C6636420035A22D /* Player.swift in Sources */,
				997373811C6D17EB00FBEDAC /* Board.swift in Sources */,
				99E1A28A1C6636420035A22D /* GameLogic.swift in Sources */,
				99E1A28E1C6636420035A22D /* ChipImages.swift in Sources */,
				99E1A2901C6636420035A22D /* Move.swift in Sources */,
				99E1A28B1C6636420035A22D /* Common.swift in Sources */,
				99E1A28F1C6636420035A22D /* GameModel.swift in Sources */,
				99E1A2921C66369A0035A22D /* GameLogicUI.swift in Sources */,
				99E1A2761C66343C0035A22D /* AppDelegate.swift in Sources */,
			);
			runOnlyForDeploymentPostprocessing = 0;
		};
/* End PBXSourcesBuildPhase section */

/* Begin PBXVariantGroup section */
		99E1A2791C66343C0035A22D /* MainMenu.xib */ = {
			isa = PBXVariantGroup;
			children = (
				99E1A27A1C66343C0035A22D /* Base */,
			);
			name = MainMenu.xib;
			sourceTree = "<group>";
		};
/* End PBXVariantGroup section */

/* Begin XCBuildConfiguration section */
		99E1A27D1C66343C0035A22D /* Debug */ = {
			isa = XCBuildConfiguration;
			buildSettings = {
				ALWAYS_SEARCH_USER_PATHS = NO;
				CLANG_CXX_LANGUAGE_STANDARD = "gnu++0x";
				CLANG_CXX_LIBRARY = "libc++";
				CLANG_ENABLE_MODULES = YES;
				CLANG_ENABLE_OBJC_ARC = YES;
				CLANG_WARN_BOOL_CONVERSION = YES;
				CLANG_WARN_CONSTANT_CONVERSION = YES;
				CLANG_WARN_DIRECT_OBJC_ISA_USAGE = YES_ERROR;
				CLANG_WARN_EMPTY_BODY = YES;
				CLANG_WARN_ENUM_CONVERSION = YES;
				CLANG_WARN_INT_CONVERSION = YES;
				CLANG_WARN_OBJC_ROOT_CLASS = YES_ERROR;
				CLANG_WARN_UNREACHABLE_CODE = YES;
				CLANG_WARN__DUPLICATE_METHOD_MATCH = YES;
				CODE_SIGN_IDENTITY = "-";
				COPY_PHASE_STRIP = NO;
				DEBUG_INFORMATION_FORMAT = dwarf;
				ENABLE_STRICT_OBJC_MSGSEND = YES;
				ENABLE_TESTABILITY = YES;
				GCC_C_LANGUAGE_STANDARD = gnu99;
				GCC_DYNAMIC_NO_PIC = NO;
				GCC_NO_COMMON_BLOCKS = YES;
				GCC_OPTIMIZATION_LEVEL = 0;
				GCC_PREPROCESSOR_DEFINITIONS = (
					"DEBUG=1",
					"$(inherited)",
				);
				GCC_WARN_64_TO_32_BIT_CONVERSION = YES;
				GCC_WARN_ABOUT_RETURN_TYPE = YES_ERROR;
				GCC_WARN_UNDECLARED_SELECTOR = YES;
				GCC_WARN_UNINITIALIZED_AUTOS = YES_AGGRESSIVE;
				GCC_WARN_UNUSED_FUNCTION = YES;
				GCC_WARN_UNUSED_VARIABLE = YES;
				MACOSX_DEPLOYMENT_TARGET = 10.11;
				MTL_ENABLE_DEBUG_INFO = YES;
				ONLY_ACTIVE_ARCH = YES;
				SDKROOT = macosx;
				SWIFT_OPTIMIZATION_LEVEL = "-Onone";
			};
			name = Debug;
		};
		99E1A27E1C66343C0035A22D /* Release */ = {
			isa = XCBuildConfiguration;
			buildSettings = {
				ALWAYS_SEARCH_USER_PATHS = NO;
				CLANG_CXX_LANGUAGE_STANDARD = "gnu++0x";
				CLANG_CXX_LIBRARY = "libc++";
				CLANG_ENABLE_MODULES = YES;
				CLANG_ENABLE_OBJC_ARC = YES;
				CLANG_WARN_BOOL_CONVERSION = YES;
				CLANG_WARN_CONSTANT_CONVERSION = YES;
				CLANG_WARN_DIRECT_OBJC_ISA_USAGE = YES_ERROR;
				CLANG_WARN_EMPTY_BODY = YES;
				CLANG_WARN_ENUM_CONVERSION = YES;
				CLANG_WARN_INT_CONVERSION = YES;
				CLANG_WARN_OBJC_ROOT_CLASS = YES_ERROR;
				CLANG_WARN_UNREACHABLE_CODE = YES;
				CLANG_WARN__DUPLICATE_METHOD_MATCH = YES;
				CODE_SIGN_IDENTITY = "-";
				COPY_PHASE_STRIP = NO;
				DEBUG_INFORMATION_FORMAT = "dwarf-with-dsym";
				ENABLE_NS_ASSERTIONS = NO;
				ENABLE_STRICT_OBJC_MSGSEND = YES;
				GCC_C_LANGUAGE_STANDARD = gnu99;
				GCC_NO_COMMON_BLOCKS = YES;
				GCC_WARN_64_TO_32_BIT_CONVERSION = YES;
				GCC_WARN_ABOUT_RETURN_TYPE = YES_ERROR;
				GCC_WARN_UNDECLARED_SELECTOR = YES;
				GCC_WARN_UNINITIALIZED_AUTOS = YES_AGGRESSIVE;
				GCC_WARN_UNUSED_FUNCTION = YES;
				GCC_WARN_UNUSED_VARIABLE = YES;
				MACOSX_DEPLOYMENT_TARGET = 10.11;
				MTL_ENABLE_DEBUG_INFO = NO;
				SDKROOT = macosx;
				SWIFT_OPTIMIZATION_LEVEL = "-Owholemodule";
			};
			name = Release;
		};
		99E1A2801C66343C0035A22D /* Debug */ = {
			isa = XCBuildConfiguration;
			buildSettings = {
				ASSETCATALOG_COMPILER_APPICON_NAME = AppIcon;
				CLANG_USE_OPTIMIZATION_PROFILE = YES;
				CODE_SIGN_ENTITLEMENTS = "Reversi GameplayKit SpriteKit/Reversi GameplayKit SpriteKit.entitlements";
				COMBINE_HIDPI_IMAGES = YES;
				INFOPLIST_FILE = "Reversi GameplayKit SpriteKit/Info.plist";
				LD_RUNPATH_SEARCH_PATHS = "$(inherited) @executable_path/../Frameworks";
				PRODUCT_BUNDLE_IDENTIFIER = "Individual-Developer.Reversi-GameplayKit-SpriteKit";
				PRODUCT_NAME = "Reversi OS X";
			};
			name = Debug;
		};
		99E1A2811C66343C0035A22D /* Release */ = {
			isa = XCBuildConfiguration;
			buildSettings = {
				ASSETCATALOG_COMPILER_APPICON_NAME = AppIcon;
				CLANG_USE_OPTIMIZATION_PROFILE = YES;
				CODE_SIGN_ENTITLEMENTS = "Reversi GameplayKit SpriteKit/Reversi GameplayKit SpriteKit.entitlements";
				COMBINE_HIDPI_IMAGES = YES;
				INFOPLIST_FILE = "Reversi GameplayKit SpriteKit/Info.plist";
				LD_RUNPATH_SEARCH_PATHS = "$(inherited) @executable_path/../Frameworks";
				PRODUCT_BUNDLE_IDENTIFIER = "Individual-Developer.Reversi-GameplayKit-SpriteKit";
				PRODUCT_NAME = "Reversi OS X";
			};
			name = Release;
		};
/* End XCBuildConfiguration section */

/* Begin XCConfigurationList section */
		99E1A26D1C66343C0035A22D /* Build configuration list for PBXProject "Reversi OS X" */ = {
			isa = XCConfigurationList;
			buildConfigurations = (
				99E1A27D1C66343C0035A22D /* Debug */,
				99E1A27E1C66343C0035A22D /* Release */,
			);
			defaultConfigurationIsVisible = 0;
			defaultConfigurationName = Release;
		};
		99E1A27F1C66343C0035A22D /* Build configuration list for PBXNativeTarget "Reversi OS X" */ = {
			isa = XCConfigurationList;
			buildConfigurations = (
				99E1A2801C66343C0035A22D /* Debug */,
				99E1A2811C66343C0035A22D /* Release */,
			);
			defaultConfigurationIsVisible = 0;
			defaultConfigurationName = Release;
		};
/* End XCConfigurationList section */
	};
	rootObject = 99E1A26A1C66343C0035A22D /* Project object */;
}
